
Microsoft Visual Studio Solution File, Format Version 12.00
# Visual Studio Version 17
VisualStudioVersion = 17.3.32811.315
MinimumVisualStudioVersion = 10.0.40219.1
Project("{FAE04EC0-301F-11D3-BF4B-00C04F79EFBC}") = "MemberClaim", "MemberClaim\MemberClaim.csproj", "{B58CA88A-79ED-40A2-B1D8-DE7DEF9FD828}"
EndProject
Project("{FAE04EC0-301F-11D3-BF4B-00C04F79EFBC}") = "ClaimServices", "ClaimServices\ClaimServices.csproj", "{5DD1CD83-CB71-4CBC-A152-E2256F7DC733}"
EndProject
Global
	GlobalSection(SolutionConfigurationPlatforms) = preSolution
		Debug|Any CPU = Debug|Any CPU
		Release|Any CPU = Release|Any CPU
	EndGlobalSection
	GlobalSection(ProjectConfigurationPlatforms) = postSolution
		{B58CA88A-79ED-40A2-B1D8-DE7DEF9FD828}.Debug|Any CPU.ActiveCfg = Debug|Any CPU
		{B58CA88A-79ED-40A2-B1D8-DE7DEF9FD828}.Debug|Any CPU.Build.0 = Debug|Any CPU
		{B58CA88A-79ED-40A2-B1D8-DE7DEF9FD828}.Release|Any CPU.ActiveCfg = Release|Any CPU
		{B58CA88A-79ED-40A2-B1D8-DE7DEF9FD828}.Release|Any CPU.Build.0 = Release|Any CPU
		{5DD1CD83-CB71-4CBC-A152-E2256F7DC733}.Debug|Any CPU.ActiveCfg = Debug|Any CPU
		{5DD1CD83-CB71-4CBC-A152-E2256F7DC733}.Debug|Any CPU.Build.0 = Debug|Any CPU
		{5DD1CD83-CB71-4CBC-A152-E2256F7DC733}.Release|Any CPU.ActiveCfg = Release|Any CPU
		{5DD1CD83-CB71-4CBC-A152-E2256F7DC733}.Release|Any CPU.Build.0 = Release|Any CPU
	EndGlobalSection
	GlobalSection(SolutionProperties) = preSolution
		HideSolutionNode = FALSE
	EndGlobalSection
	GlobalSection(ExtensibilityGlobals) = postSolution
		SolutionGuid = {0DF0D1A7-625D-445B-935E-F0F5A3046CA8}
	EndGlobalSection
EndGlobal
